<?xml version="1.0" encoding="utf-8"?>
<Project ToolsVersion="4.0" xmlns="http://schemas.microsoft.com/developer/msbuild/2003">
  <ItemGroup>
    <Filter Include="Source Files">
      <UniqueIdentifier>{4FC737F1-C7A5-4376-A066-2A32D752A2FF}</UniqueIdentifier>
      <Extensions>cpp;c;cc;cxx;c++;cppm;ixx;def;odl;idl;hpj;bat;asm;asmx</Extensions>
    </Filter>
    <Filter Include="Header Files">
      <UniqueIdentifier>{93995380-89BD-4b04-88EB-625FBE52EBFB}</UniqueIdentifier>
      <Extensions>h;hh;hpp;hxx;h++;hm;inl;inc;ipp;xsd</Extensions>
    </Filter>
    <Filter Include="Resource Files">
      <UniqueIdentifier>{67DA6AB6-F800-4c08-8B7A-83BB121AAD01}</UniqueIdentifier>
      <Extensions>rc;ico;cur;bmp;dlg;rc2;rct;bin;rgs;gif;jpg;jpeg;jpe;resx;tiff;tif;png;wav;mfcribbon-ms</Extensions>
    </Filter>
    <Filter Include="DescriptorHeap">
      <UniqueIdentifier>{d6c439dd-6de1-44b7-8c4d-9dbfb3068d98}</UniqueIdentifier>
    </Filter>
  </ItemGroup>
  <ItemGroup>
    <ClInclude Include="framework.h">
      <Filter>Header Files</Filter>
    </ClInclude>
    <ClInclude Include="d3dx12.h">
      <Filter>Header Files</Filter>
    </ClInclude>
    <ClInclude Include="DxException.h">
      <Filter>Header Files</Filter>
    </ClInclude>
    <ClInclude Include="SwapChain.h">
      <Filter>Header Files</Filter>
    </ClInclude>
    <ClInclude Include="pch.h">
      <Filter>Header Files</Filter>
    </ClInclude>
    <ClInclude Include="CommandContext.h">
      <Filter>Header Files</Filter>
    </ClInclude>
    <ClInclude Include="CommandListManager.h">
      <Filter>Header Files</Filter>
    </ClInclude>
    <ClInclude Include="RenderDeviceD3D12.h">
      <Filter>Header Files</Filter>
    </ClInclude>
    <ClInclude Include="BufferD3D12.h">
      <Filter>Header Files</Filter>
    </ClInclude>
    <ClInclude Include="CommandQueueD3D12.h">
      <Filter>Header Files</Filter>
    </ClInclude>
    <ClInclude Include="ResourceD3D12.h">
      <Filter>Header Files</Filter>
    </ClInclude>
    <ClInclude Include="TextureD3D12.h">
      <Filter>Header Files</Filter>
    </ClInclude>
    <ClInclude Include="resource.h">
      <Filter>Header Files</Filter>
    </ClInclude>
    <ClInclude Include="ShaderD3D12.h">
      <Filter>Header Files</Filter>
    </ClInclude>
    <ClInclude Include="RootSignatureD3D12.h">
      <Filter>Header Files</Filter>
    </ClInclude>
    <ClInclude Include="PipelineStateD3D12.h">
      <Filter>Header Files</Filter>
    </ClInclude>
    <ClInclude Include="DynamicUploadBuffer.h">
      <Filter>Header Files</Filter>
    </ClInclude>
    <ClInclude Include="DDSTextureLoader.h">
      <Filter>Header Files</Filter>
    </ClInclude>
    <ClInclude Include="GBuffer.h">
      <Filter>Header Files</Filter>
    </ClInclude>
    <ClInclude Include="ComputePipelineStateD3D12.h">
      <Filter>Header Files</Filter>
    </ClInclude>
    <ClInclude Include="CommandSignatureD3D12.h">
      <Filter>Header Files</Filter>
    </ClInclude>
    <ClInclude Include="QueryHeap.h">
      <Filter>Header Files</Filter>
    </ClInclude>
  </ItemGroup>
  <ItemGroup>
    <ClCompile Include="dllmain.cpp">
      <Filter>Source Files</Filter>
    </ClCompile>
    <ClCompile Include="DxException.cpp">
      <Filter>Source Files</Filter>
    </ClCompile>
    <ClCompile Include="SwapChain.cpp">
      <Filter>Source Files</Filter>
    </ClCompile>
    <ClCompile Include="pch.cpp">
      <Filter>Source Files</Filter>
    </ClCompile>
    <ClCompile Include="CommandContext.cpp">
      <Filter>Source Files</Filter>
    </ClCompile>
    <ClCompile Include="CommandListManager.cpp">
      <Filter>Source Files</Filter>
    </ClCompile>
    <ClCompile Include="RenderDeviceD3D12.cpp">
      <Filter>Source Files</Filter>
    </ClCompile>
    <ClCompile Include="BufferD3D12.cpp">
      <Filter>Source Files</Filter>
    </ClCompile>
    <ClCompile Include="CommandQueueD3D12.cpp">
      <Filter>Source Files</Filter>
    </ClCompile>
    <ClCompile Include="TextureD3D12.cpp">
      <Filter>Source Files</Filter>
    </ClCompile>
    <ClCompile Include="ShaderD3D12.cpp">
      <Filter>Source Files</Filter>
    </ClCompile>
    <ClCompile Include="RootSignatureD3D12.cpp">
      <Filter>Source Files</Filter>
    </ClCompile>
    <ClCompile Include="PipelineStateD3D12.cpp">
      <Filter>Source Files</Filter>
    </ClCompile>
    <ClCompile Include="DynamicUploadBuffer.cpp">
      <Filter>Source Files</Filter>
    </ClCompile>
    <ClCompile Include="DDSTextureLoader.cpp">
      <Filter>Source Files</Filter>
    </ClCompile>
    <ClCompile Include="GBuffer.cpp">
      <Filter>Source Files</Filter>
    </ClCompile>
    <ClCompile Include="ComputePipelineStateD3D12.cpp">
      <Filter>Source Files</Filter>
    </ClCompile>
    <ClCompile Include="CommandSignatureD3D12.cpp">
      <Filter>Source Files</Filter>
    </ClCompile>
    <ClCompile Include="QueryHeap.cpp">
      <Filter>Source Files</Filter>
    </ClCompile>
  </ItemGroup>
  <ItemGroup>
    <ResourceCompile Include="Graphics.rc">
      <Filter>Resource Files</Filter>
    </ResourceCompile>
  </ItemGroup>
</Project>